<?xml version="1.0" encoding="utf-8"?>
<Project xmlns="http://schemas.microsoft.com/developer/msbuild/2003">
  <PropertyGroup>
    <ProjectGuid>{e5f12f12-5c45-4e35-99ea-5d72a04638a0}</ProjectGuid>
    <MainSource>gate.dpr</MainSource>
    <Configuration Condition=" '$(Configuration)' == '' ">Debug</Configuration>
    <Platform Condition=" '$(Platform)' == '' ">AnyCPU</Platform>
    <DCC_DCCCompiler>DCC32</DCC_DCCCompiler>
    <DCC_DependencyCheckOutputName>..\..\debug\tgs1000\gate.exe</DCC_DependencyCheckOutputName>
  </PropertyGroup>
  <PropertyGroup Condition=" '$(Configuration)|$(Platform)' == 'Release|AnyCPU' ">
    <Version>7.0</Version>
    <DCC_Alignment>1</DCC_Alignment>
    <DCC_DebugInformation>False</DCC_DebugInformation>
    <DCC_WriteableConstants>True</DCC_WriteableConstants>
    <DCC_LocalDebugSymbols>False</DCC_LocalDebugSymbols>
    <DCC_SymbolReferenceInfo>0</DCC_SymbolReferenceInfo>
    <DCC_ExeOutput>..\..\debug\gate</DCC_ExeOutput>
    <DCC_DcuOutput>..\..\dcu\gate</DCC_DcuOutput>
    <DCC_ObjOutput>..\..\dcu\gate</DCC_ObjOutput>
    <DCC_HppOutput>..\..\dcu\gate</DCC_HppOutput>
    <DCC_UnitSearchPath>..\alib</DCC_UnitSearchPath>
    <DCC_ResourcePath>..\alib</DCC_ResourcePath>
    <DCC_ObjPath>..\alib</DCC_ObjPath>
    <DCC_IncludePath>..\alib</DCC_IncludePath>
    <DCC_Define>RELEASE</DCC_Define>
    <DCC_UNSAFE_TYPE>True</DCC_UNSAFE_TYPE>
    <DCC_UNSAFE_CODE>True</DCC_UNSAFE_CODE>
    <DCC_UNSAFE_CAST>True</DCC_UNSAFE_CAST>
  </PropertyGroup>
  <PropertyGroup Condition=" '$(Configuration)|$(Platform)' == 'Debug|AnyCPU' ">
    <Version>7.0</Version>
    <DCC_WriteableConstants>True</DCC_WriteableConstants>
    <DCC_ExeOutput>..\..\debug\tgs1000</DCC_ExeOutput>
    <DCC_DcuOutput>..\..\dcu\gate</DCC_DcuOutput>
    <DCC_ObjOutput>..\..\dcu\gate</DCC_ObjOutput>
    <DCC_HppOutput>..\..\dcu\gate</DCC_HppOutput>
    <DCC_UnitSearchPath>..\alib;..\..\FastMM4</DCC_UnitSearchPath>
    <DCC_ResourcePath>..\alib;..\..\FastMM4</DCC_ResourcePath>
    <DCC_ObjPath>..\alib;..\..\FastMM4</DCC_ObjPath>
    <DCC_IncludePath>..\alib;..\..\FastMM4</DCC_IncludePath>
    <DCC_Define>DEBUG</DCC_Define>
    <DCC_UNSAFE_TYPE>True</DCC_UNSAFE_TYPE>
    <DCC_UNSAFE_CODE>True</DCC_UNSAFE_CODE>
    <DCC_UNSAFE_CAST>True</DCC_UNSAFE_CAST>
  </PropertyGroup>
  <ProjectExtensions>
    <Borland.Personality>Delphi.Personality</Borland.Personality>
    <Borland.ProjectType>VCLApplication</Borland.ProjectType>
    <BorlandProject>
<BorlandProject><Delphi.Personality><Parameters><Parameters Name="UseLauncher">False</Parameters><Parameters Name="LoadAllSymbols">True</Parameters><Parameters Name="LoadUnspecifiedSymbols">False</Parameters></Parameters><VersionInfo><VersionInfo Name="IncludeVerInfo">False</VersionInfo><VersionInfo Name="AutoIncBuild">False</VersionInfo><VersionInfo Name="MajorVer">1</VersionInfo><VersionInfo Name="MinorVer">0</VersionInfo><VersionInfo Name="Release">0</VersionInfo><VersionInfo Name="Build">0</VersionInfo><VersionInfo Name="Debug">False</VersionInfo><VersionInfo Name="PreRelease">False</VersionInfo><VersionInfo Name="Special">False</VersionInfo><VersionInfo Name="Private">False</VersionInfo><VersionInfo Name="DLL">False</VersionInfo><VersionInfo Name="Locale">1042</VersionInfo><VersionInfo Name="CodePage">949</VersionInfo></VersionInfo><VersionInfoKeys><VersionInfoKeys Name="CompanyName"></VersionInfoKeys><VersionInfoKeys Name="FileDescription"></VersionInfoKeys><VersionInfoKeys Name="FileVersion">1.0.0.0</VersionInfoKeys><VersionInfoKeys Name="InternalName"></VersionInfoKeys><VersionInfoKeys Name="LegalCopyright"></VersionInfoKeys><VersionInfoKeys Name="LegalTrademarks"></VersionInfoKeys><VersionInfoKeys Name="OriginalFilename"></VersionInfoKeys><VersionInfoKeys Name="ProductName"></VersionInfoKeys><VersionInfoKeys Name="ProductVersion">1.0.0.0</VersionInfoKeys><VersionInfoKeys Name="Comments"></VersionInfoKeys></VersionInfoKeys><Source><Source Name="MainSource">gate.dpr</Source></Source></Delphi.Personality></BorlandProject></BorlandProject>
  </ProjectExtensions>
  <Import Project="$(MSBuildBinPath)\Borland.Delphi.Targets" />
  <ItemGroup>
    <DelphiCompile Include="gate.dpr">
      <MainSource>MainSource</MainSource>
    </DelphiCompile>
    <DCCReference Include="..\1000ydef\deftype.pas" />
    <DCCReference Include="..\1000ydef\uGramerId.pas" />
    <DCCReference Include="..\Client\v5ncl1000\Unit_console.pas">
      <Form>FrmConsole</Form>
    </DCCReference>
    <DCCReference Include="..\common\Common.pas" />
    <DCCReference Include="..\common\uBuffer.pas" />
    <DCCReference Include="..\common\uCrypt.pas" />
    <DCCReference Include="..\common\uEasyList.pas" />
    <DCCReference Include="..\common\uKeyClass.pas" />
    <DCCReference Include="..\common\uLGRecordDef.pas" />
    <DCCReference Include="..\common\uNewPackets.pas" />
    <DCCReference Include="..\common\uPackets.pas" />
    <DCCReference Include="..\common\uUtil.pas" />
    <DCCReference Include="FMain.pas">
      <Form>frmMain</Form>
    </DCCReference>
    <DCCReference Include="uConnector.pas" />
    <DCCReference Include="uExequatur.pas" />
  </ItemGroup>
</Project>